{
  "name": "hulang",
  "version": "0.0.0",
  "lockfileVersion": 1,
  "requires": true,
  "dependencies": {
    "logicjs": {
      "version": "1.0.0",
      "resolved": "https://registry.npmjs.org/logicjs/-/logicjs-1.0.0.tgz",
      "integrity": "sha1-SnaoSuiDqtujfRVMqmsyTGtZofg="
    },
    "logicjs-es6": {
      "version": "1.2.4",
      "resolved": "https://registry.npmjs.org/logicjs-es6/-/logicjs-es6-1.2.4.tgz",
      "integrity": "sha512-S7fEuSZqJHmN7J2JTk5h7c/qS8XQ9WmEul04l+voBfyI/Y2xSAzhbyMmjNLW/HzNQBx7N7kDPdrd+9gLVH6Scg=="
    },
    "tinymocha": {
      "version": "1.0.1",
      "resolved": "https://registry.npmjs.org/tinymocha/-/tinymocha-1.0.1.tgz",
      "integrity": "sha1-1oQCV3BhaENSQBvPa9Ch0G9hTUE=",
      "dev": true
    }
  }
}
